
Microsoft Visual Studio Solution File, Format Version 12.00
# Visual Studio 2012
Project("{8BC9CEB8-8B4A-11D0-8D11-00A0C91BC942}") = "ServerTester", "ServerTester.vcxproj", "{1B528E4E-A026-332A-943D-28AF9468F408}"
EndProject
Global
	GlobalSection(SolutionConfigurationPlatforms) = preSolution
		Debug|Win32 = Debug|Win32
		Release|Win32 = Release|Win32
	EndGlobalSection
	GlobalSection(ProjectConfigurationPlatforms) = postSolution
		{1B528E4E-A026-332A-943D-28AF9468F408}.Debug|Win32.ActiveCfg = Debug|Win32
		{1B528E4E-A026-332A-943D-28AF9468F408}.Debug|Win32.Build.0 = Debug|Win32
		{1B528E4E-A026-332A-943D-28AF9468F408}.Release|Win32.ActiveCfg = Release|Win32
		{1B528E4E-A026-332A-943D-28AF9468F408}.Release|Win32.Build.0 = Release|Win32
	EndGlobalSection
	GlobalSection(SolutionProperties) = preSolution
		HideSolutionNode = FALSE
	EndGlobalSection
EndGlobal
