<?xml version="1.0" encoding="utf-8"?>
<Project ToolsVersion="4.0" xmlns="http://schemas.microsoft.com/developer/msbuild/2003">
  <ItemGroup>
    <Filter Include="Source Files">
      <UniqueIdentifier>{4FC737F1-C7A5-4376-A066-2A32D752A2FF}</UniqueIdentifier>
      <Extensions>cpp;c;cc;cxx;def;odl;idl;hpj;bat;asm;asmx</Extensions>
    </Filter>
    <Filter Include="Header Files">
      <UniqueIdentifier>{93995380-89BD-4b04-88EB-625FBE52EBFB}</UniqueIdentifier>
      <Extensions>h;hh;hpp;hxx;hm;inl;inc;xsd</Extensions>
    </Filter>
    <Filter Include="Resource Files">
      <UniqueIdentifier>{67DA6AB6-F800-4c08-8B7A-83BB121AAD01}</UniqueIdentifier>
      <Extensions>rc;ico;cur;bmp;dlg;rc2;rct;bin;rgs;gif;jpg;jpeg;jpe;resx;tiff;tif;png;wav;mfcribbon-ms</Extensions>
    </Filter>
  </ItemGroup>
  <ItemGroup>
    <ClInclude Include="..\include\ARequest.hh">
      <Filter>Header Files</Filter>
    </ClInclude>
    <ClInclude Include="..\include\AuthRequest.hh">
      <Filter>Header Files</Filter>
    </ClInclude>
    <ClInclude Include="..\include\CallRequest.hh">
      <Filter>Header Files</Filter>
    </ClInclude>
    <ClInclude Include="..\include\ChatRequest.hh">
      <Filter>Header Files</Filter>
    </ClInclude>
    <ClInclude Include="..\include\FriendRequest.hh">
      <Filter>Header Files</Filter>
    </ClInclude>
    <ClInclude Include="..\include\PersoRequest.hh">
      <Filter>Header Files</Filter>
    </ClInclude>
    <ClInclude Include="..\include\Protocol.hpp">
      <Filter>Header Files</Filter>
    </ClInclude>
    <ClInclude Include="..\include\RequestFactory.hh">
      <Filter>Header Files</Filter>
    </ClInclude>
    <ClInclude Include="..\include\RequestInfo.hpp">
      <Filter>Header Files</Filter>
    </ClInclude>
    <ClInclude Include="..\include\ServerRequest.hh">
      <Filter>Header Files</Filter>
    </ClInclude>
    <ClInclude Include="..\API\ITransformers.hh">
      <Filter>Header Files</Filter>
    </ClInclude>
    <ClInclude Include="..\API\RequestCode.hh">
      <Filter>Header Files</Filter>
    </ClInclude>
    <ClInclude Include="..\API\types.hh">
      <Filter>Header Files</Filter>
    </ClInclude>
  </ItemGroup>
  <ItemGroup>
    <ClCompile Include="..\sources\ARequest.cpp">
      <Filter>Source Files</Filter>
    </ClCompile>
    <ClCompile Include="..\sources\AuthRequest.cpp">
      <Filter>Source Files</Filter>
    </ClCompile>
    <ClCompile Include="..\sources\CallRequest.cpp">
      <Filter>Source Files</Filter>
    </ClCompile>
    <ClCompile Include="..\sources\ChatRequest.cpp">
      <Filter>Source Files</Filter>
    </ClCompile>
    <ClCompile Include="..\sources\FriendRequest.cpp">
      <Filter>Source Files</Filter>
    </ClCompile>
    <ClCompile Include="..\sources\PersoRequest.cpp">
      <Filter>Source Files</Filter>
    </ClCompile>
    <ClCompile Include="..\sources\Protocol.cpp">
      <Filter>Source Files</Filter>
    </ClCompile>
    <ClCompile Include="..\sources\RequestFactory.cpp">
      <Filter>Source Files</Filter>
    </ClCompile>
    <ClCompile Include="..\sources\ServerRequest.cpp">
      <Filter>Source Files</Filter>
    </ClCompile>
  </ItemGroup>
</Project>