<?xml version="1.0" encoding="utf-8"?>
<Project ToolsVersion="4.0" xmlns="http://schemas.microsoft.com/developer/msbuild/2003">
  <ItemGroup>
    <Filter Include="Source Files">
      <UniqueIdentifier>{4FC737F1-C7A5-4376-A066-2A32D752A2FF}</UniqueIdentifier>
      <Extensions>cpp;c;cc;cxx;def;odl;idl;hpj;bat;asm;asmx</Extensions>
    </Filter>
    <Filter Include="Header Files">
      <UniqueIdentifier>{93995380-89BD-4b04-88EB-625FBE52EBFB}</UniqueIdentifier>
      <Extensions>h;hh;hpp;hxx;hm;inl;inc;xsd</Extensions>
    </Filter>
    <Filter Include="Resource Files">
      <UniqueIdentifier>{67DA6AB6-F800-4c08-8B7A-83BB121AAD01}</UniqueIdentifier>
      <Extensions>rc;ico;cur;bmp;dlg;rc2;rct;bin;rgs;gif;jpg;jpeg;jpe;resx;tiff;tif;png;wav;mfcribbon-ms</Extensions>
    </Filter>
  </ItemGroup>
  <ItemGroup>
    <ClCompile Include="..\sources\ARequest.cpp">
      <Filter>Source Files</Filter>
    </ClCompile>
    <ClCompile Include="..\sources\AuthRequest.cpp">
      <Filter>Source Files</Filter>
    </ClCompile>
    <ClCompile Include="..\sources\Protocol.cpp">
      <Filter>Source Files</Filter>
    </ClCompile>
    <ClCompile Include="..\sources\RequestFactory.cpp">
      <Filter>Source Files</Filter>
    </ClCompile>
    <ClCompile Include="..\sources\ServerRequest.cpp">
      <Filter>Source Files</Filter>
    </ClCompile>
    <ClCompile Include="..\sources\AGameRequest.cpp">
      <Filter>Source Files</Filter>
    </ClCompile>
    <ClCompile Include="..\sources\PartyRequest.cpp">
      <Filter>Source Files</Filter>
    </ClCompile>
    <ClCompile Include="..\sources\SessionRequest.cpp">
      <Filter>Source Files</Filter>
    </ClCompile>
    <ClCompile Include="..\sources\ElemRequest.cpp">
      <Filter>Source Files</Filter>
    </ClCompile>
    <ClCompile Include="..\sources\DeathRequest.cpp">
      <Filter>Source Files</Filter>
    </ClCompile>
    <ClCompile Include="..\sources\BuffRequest.cpp">
      <Filter>Source Files</Filter>
    </ClCompile>
    <ClCompile Include="..\sources\ScoreRequest.cpp">
      <Filter>Source Files</Filter>
    </ClCompile>
    <ClCompile Include="..\sources\AliveRequest.cpp">
      <Filter>Source Files</Filter>
    </ClCompile>
    <ClCompile Include="..\sources\EventRequest.cpp">
      <Filter>Source Files</Filter>
    </ClCompile>
    <ClCompile Include="..\sources\LooseRequest.cpp">
      <Filter>Source Files</Filter>
    </ClCompile>
    <ClCompile Include="..\sources\VictoryRequest.cpp">
      <Filter>Source Files</Filter>
    </ClCompile>
    <ClCompile Include="..\sources\RootRequest.cpp">
      <Filter>Source Files</Filter>
    </ClCompile>
    <ClCompile Include="..\sources\LeaveRequest.cpp">
      <Filter>Source Files</Filter>
    </ClCompile>
    <ClCompile Include="..\sources\NextStage.cpp">
      <Filter>Source Files</Filter>
    </ClCompile>
    <ClCompile Include="..\sources\ChatSendRequest.cpp">
      <Filter>Source Files</Filter>
    </ClCompile>
    <ClCompile Include="..\sources\ChatRecvRequest.cpp">
      <Filter>Source Files</Filter>
    </ClCompile>
  </ItemGroup>
  <ItemGroup>
    <ClInclude Include="..\include\ARequest.hh">
      <Filter>Header Files</Filter>
    </ClInclude>
    <ClInclude Include="..\include\AuthRequest.hh">
      <Filter>Header Files</Filter>
    </ClInclude>
    <ClInclude Include="..\include\ITransformers.hh">
      <Filter>Header Files</Filter>
    </ClInclude>
    <ClInclude Include="..\include\Protocol.hpp">
      <Filter>Header Files</Filter>
    </ClInclude>
    <ClInclude Include="..\include\RequestCode.hh">
      <Filter>Header Files</Filter>
    </ClInclude>
    <ClInclude Include="..\include\RequestFactory.hh">
      <Filter>Header Files</Filter>
    </ClInclude>
    <ClInclude Include="..\include\ServerRequest.hh">
      <Filter>Header Files</Filter>
    </ClInclude>
    <ClInclude Include="..\include\AGameRequest.hh">
      <Filter>Header Files</Filter>
    </ClInclude>
    <ClInclude Include="..\include\PartyRequest.hh">
      <Filter>Header Files</Filter>
    </ClInclude>
    <ClInclude Include="..\include\SessionRequest.hh">
      <Filter>Header Files</Filter>
    </ClInclude>
    <ClInclude Include="..\include\ElemRequest.hh">
      <Filter>Header Files</Filter>
    </ClInclude>
    <ClInclude Include="..\include\DeathRequest.h">
      <Filter>Header Files</Filter>
    </ClInclude>
    <ClInclude Include="..\include\BuffRequest.h">
      <Filter>Header Files</Filter>
    </ClInclude>
    <ClInclude Include="..\include\ScoreRequest.h">
      <Filter>Header Files</Filter>
    </ClInclude>
    <ClInclude Include="..\include\RootRequest.hh">
      <Filter>Header Files</Filter>
    </ClInclude>
    <ClInclude Include="..\include\LeaveRequest.h">
      <Filter>Header Files</Filter>
    </ClInclude>
    <ClInclude Include="..\include\AliveRequest.h">
      <Filter>Header Files</Filter>
    </ClInclude>
    <ClInclude Include="..\include\EventRequest.hh">
      <Filter>Header Files</Filter>
    </ClInclude>
    <ClInclude Include="..\include\LooseRequest.h">
      <Filter>Header Files</Filter>
    </ClInclude>
    <ClInclude Include="..\include\RequestInfo.hpp">
      <Filter>Header Files</Filter>
    </ClInclude>
    <ClInclude Include="..\include\VictoryRequest.h">
      <Filter>Header Files</Filter>
    </ClInclude>
    <ClInclude Include="..\include\types.hh">
      <Filter>Header Files</Filter>
    </ClInclude>
    <ClInclude Include="..\include\NextStage.hh">
      <Filter>Header Files</Filter>
    </ClInclude>
    <ClInclude Include="..\include\ChatSendRequest.h">
      <Filter>Header Files</Filter>
    </ClInclude>
    <ClInclude Include="..\include\ChatRecvRequest.h">
      <Filter>Header Files</Filter>
    </ClInclude>
  </ItemGroup>
</Project>