<?xml version="1.0" encoding="utf-8"?>
<Project ToolsVersion="4.0" xmlns="http://schemas.microsoft.com/developer/msbuild/2003">
  <ItemGroup>
    <Filter Include="Source Files">
      <UniqueIdentifier>{4FC737F1-C7A5-4376-A066-2A32D752A2FF}</UniqueIdentifier>
      <Extensions>cpp;c;cc;cxx;def;odl;idl;hpj;bat;asm;asmx</Extensions>
    </Filter>
    <Filter Include="Header Files">
      <UniqueIdentifier>{93995380-89BD-4b04-88EB-625FBE52EBFB}</UniqueIdentifier>
      <Extensions>h;hh;hpp;hxx;hm;inl;inc;xsd</Extensions>
    </Filter>
    <Filter Include="Resource Files">
      <UniqueIdentifier>{67DA6AB6-F800-4c08-8B7A-83BB121AAD01}</UniqueIdentifier>
      <Extensions>rc;ico;cur;bmp;dlg;rc2;rct;bin;rgs;gif;jpg;jpeg;jpe;resx;tiff;tif;png;wav;mfcribbon-ms</Extensions>
    </Filter>
  </ItemGroup>
  <ItemGroup>
    <ClInclude Include="..\include\Application.hh">
      <Filter>Header Files</Filter>
    </ClInclude>
    <ClInclude Include="..\include\IAuthPlugin.hh">
      <Filter>Header Files</Filter>
    </ClInclude>
    <ClInclude Include="..\include\IPlugin.hh">
      <Filter>Header Files</Filter>
    </ClInclude>
    <ClInclude Include="..\include\PluginManager.hh">
      <Filter>Header Files</Filter>
    </ClInclude>
    <ClInclude Include="..\include\BabelPlugin.hh">
      <Filter>Header Files</Filter>
    </ClInclude>
    <ClInclude Include="..\include\IRequestPlugin.hh">
      <Filter>Header Files</Filter>
    </ClInclude>
    <ClInclude Include="..\include\PluginCaller.hpp">
      <Filter>Header Files</Filter>
    </ClInclude>
    <ClInclude Include="..\include\PluginManager.hpp">
      <Filter>Header Files</Filter>
    </ClInclude>
    <ClInclude Include="..\include\RequestCaller.hh">
      <Filter>Header Files</Filter>
    </ClInclude>
    <ClInclude Include="..\include\RequestPlugin.hh">
      <Filter>Header Files</Filter>
    </ClInclude>
    <ClInclude Include="..\include\Server.hh">
      <Filter>Header Files</Filter>
    </ClInclude>
    <ClInclude Include="..\include\Client.hh">
      <Filter>Header Files</Filter>
    </ClInclude>
    <ClInclude Include="..\include\Maintenance.hh">
      <Filter>Header Files</Filter>
    </ClInclude>
    <ClInclude Include="..\include\maintenanceconnection.hh">
      <Filter>Header Files</Filter>
    </ClInclude>
    <ClInclude Include="..\include\Administrator.hh">
      <Filter>Header Files</Filter>
    </ClInclude>
  </ItemGroup>
  <ItemGroup>
    <ClCompile Include="..\sources\Application.cpp">
      <Filter>Source Files</Filter>
    </ClCompile>
    <ClCompile Include="..\sources\main.cpp">
      <Filter>Source Files</Filter>
    </ClCompile>
    <ClCompile Include="..\sources\PluginException.cpp">
      <Filter>Source Files</Filter>
    </ClCompile>
    <ClCompile Include="..\sources\RequestCaller.cpp">
      <Filter>Source Files</Filter>
    </ClCompile>
    <ClCompile Include="..\sources\RequestPlugin.cpp">
      <Filter>Source Files</Filter>
    </ClCompile>
    <ClCompile Include="..\sources\Client.cpp">
      <Filter>Source Files</Filter>
    </ClCompile>
    <ClCompile Include="..\sources\Server.cpp">
      <Filter>Source Files</Filter>
    </ClCompile>
    <ClCompile Include="..\sources\Maintenance.cpp">
      <Filter>Source Files</Filter>
    </ClCompile>
    <ClCompile Include="..\sources\MaintenanceConnection.cpp">
      <Filter>Source Files</Filter>
    </ClCompile>
    <ClCompile Include="..\sources\Administrator.cpp">
      <Filter>Source Files</Filter>
    </ClCompile>
  </ItemGroup>
</Project>